
Microsoft Visual Studio Solution File, Format Version 12.00
# Visual Studio Version 16
VisualStudioVersion = 16.0.30907.101
MinimumVisualStudioVersion = 10.0.40219.1
Project("{FAE04EC0-301F-11D3-BF4B-00C04F79EFBC}") = "sharpRedactor", "sharpRedactor.csproj", "{314448A7-6F31-4D3F-AD6E-915D3764879B}"
EndProject
Global
	GlobalSection(SolutionConfigurationPlatforms) = preSolution
		Debug|Any CPU = Debug|Any CPU
		Release|Any CPU = Release|Any CPU
	EndGlobalSection
	GlobalSection(ProjectConfigurationPlatforms) = postSolution
		{314448A7-6F31-4D3F-AD6E-915D3764879B}.Debug|Any CPU.ActiveCfg = Debug|Any CPU
		{314448A7-6F31-4D3F-AD6E-915D3764879B}.Debug|Any CPU.Build.0 = Debug|Any CPU
		{314448A7-6F31-4D3F-AD6E-915D3764879B}.Release|Any CPU.ActiveCfg = Release|Any CPU
		{314448A7-6F31-4D3F-AD6E-915D3764879B}.Release|Any CPU.Build.0 = Release|Any CPU
	EndGlobalSection
	GlobalSection(SolutionProperties) = preSolution
		HideSolutionNode = FALSE
	EndGlobalSection
	GlobalSection(ExtensibilityGlobals) = postSolution
		SolutionGuid = {1539F95E-CDE6-45BC-AD00-CD158A5E6077}
	EndGlobalSection
EndGlobal
